// !$*UTF8*$!
{
	archiveVersion = 1;
	classes = {
	};
	objectVersion = 50;
	objects = {

/* Begin PBXBuildFile section */
		98C8F6B6264624FC0038203C /* AppDelegate.swift in Sources */ = {isa = PBXBuildFile; fileRef = 98C8F6B5264624FC0038203C /* AppDelegate.swift */; };
		98C8F6B8264624FC0038203C /* SceneDelegate.swift in Sources */ = {isa = PBXBuildFile; fileRef = 98C8F6B7264624FC0038203C /* SceneDelegate.swift */; };
		98C8F6BA264624FC0038203C /* ViewController.swift in Sources */ = {isa = PBXBuildFile; fileRef = 98C8F6B9264624FC0038203C /* ViewController.swift */; };
		98C8F6BD264624FC0038203C /* Main.storyboard in Resources */ = {isa = PBXBuildFile; fileRef = 98C8F6BB264624FC0038203C /* Main.storyboard */; };
		98C8F6BF264625000038203C /* Assets.xcassets in Resources */ = {isa = PBXBuildFile; fileRef = 98C8F6BE264625000038203C /* Assets.xcassets */; };
		98C8F6C2264625000038203C /* LaunchScreen.storyboard in Resources */ = {isa = PBXBuildFile; fileRef = 98C8F6C0264625000038203C /* LaunchScreen.storyboard */; };
		98C8F6D3264627890038203C /* MainTabController.swift in Sources */ = {isa = PBXBuildFile; fileRef = 98C8F6D2264627890038203C /* MainTabController.swift */; };
/* End PBXBuildFile section */

/* Begin PBXFileReference section */
		98C8F6B2264624FC0038203C /* InstagramFirestoreTutorial.app */ = {isa = PBXFileReference; explicitFileType = wrapper.application; includeInIndex = 0; path = InstagramFirestoreTutorial.app; sourceTree = BUILT_PRODUCTS_DIR; };
		98C8F6B5264624FC0038203C /* AppDelegate.swift */ = {isa = PBXFileReference; lastKnownFileType = sourcecode.swift; path = AppDelegate.swift; sourceTree = "<group>"; };
		98C8F6B7264624FC0038203C /* SceneDelegate.swift */ = {isa = PBXFileReference; lastKnownFileType = sourcecode.swift; path = SceneDelegate.swift; sourceTree = "<group>"; };
		98C8F6B9264624FC0038203C /* ViewController.swift */ = {isa = PBXFileReference; lastKnownFileType = sourcecode.swift; path = ViewController.swift; sourceTree = "<group>"; };
		98C8F6BC264624FC0038203C /* Base */ = {isa = PBXFileReference; lastKnownFileType = file.storyboard; name = Base; path = Base.lproj/Main.storyboard; sourceTree = "<group>"; };
		98C8F6BE264625000038203C /* Assets.xcassets */ = {isa = PBXFileReference; lastKnownFileType = folder.assetcatalog; path = Assets.xcassets; sourceTree = "<group>"; };
		98C8F6C1264625000038203C /* Base */ = {isa = PBXFileReference; lastKnownFileType = file.storyboard; name = Base; path = Base.lproj/LaunchScreen.storyboard; sourceTree = "<group>"; };
		98C8F6C3264625000038203C /* Info.plist */ = {isa = PBXFileReference; lastKnownFileType = text.plist.xml; path = Info.plist; sourceTree = "<group>"; };
		98C8F6D2264627890038203C /* MainTabController.swift */ = {isa = PBXFileReference; lastKnownFileType = sourcecode.swift; path = MainTabController.swift; sourceTree = "<group>"; };
/* End PBXFileReference section */

/* Begin PBXFrameworksBuildPhase section */
		98C8F6AF264624FB0038203C /* Frameworks */ = {
			isa = PBXFrameworksBuildPhase;
			buildActionMask = 2147483647;
			files = (
			);
			runOnlyForDeploymentPostprocessing = 0;
		};
/* End PBXFrameworksBuildPhase section */

/* Begin PBXGroup section */
		98C8F6A9264624FB0038203C = {
			isa = PBXGroup;
			children = (
				98C8F6B4264624FC0038203C /* InstagramFirestoreTutorial */,
				98C8F6B3264624FC0038203C /* Products */,
			);
			sourceTree = "<group>";
		};
		98C8F6B3264624FC0038203C /* Products */ = {
			isa = PBXGroup;
			children = (
				98C8F6B2264624FC0038203C /* InstagramFirestoreTutorial.app */,
			);
			name = Products;
			sourceTree = "<group>";
		};
		98C8F6B4264624FC0038203C /* InstagramFirestoreTutorial */ = {
			isa = PBXGroup;
			children = (
				98C8F6D0264625D20038203C /* Model */,
				98C8F6CF264625CF0038203C /* View */,
				98C8F6CE264625B90038203C /* ViewModel */,
				98C8F6CD264625B90038203C /* Controller */,
				98C8F6CC264625A20038203C /* API */,
				98C8F6CB2646259C0038203C /* Utils */,
				98C8F6B5264624FC0038203C /* AppDelegate.swift */,
				98C8F6B7264624FC0038203C /* SceneDelegate.swift */,
				98C8F6B9264624FC0038203C /* ViewController.swift */,
				98C8F6BB264624FC0038203C /* Main.storyboard */,
				98C8F6BE264625000038203C /* Assets.xcassets */,
				98C8F6C0264625000038203C /* LaunchScreen.storyboard */,
				98C8F6C3264625000038203C /* Info.plist */,
			);
			path = InstagramFirestoreTutorial;
			sourceTree = "<group>";
		};
		98C8F6CB2646259C0038203C /* Utils */ = {
			isa = PBXGroup;
			children = (
			);
			path = Utils;
			sourceTree = "<group>";
		};
		98C8F6CC264625A20038203C /* API */ = {
			isa = PBXGroup;
			children = (
			);
			path = API;
			sourceTree = "<group>";
		};
		98C8F6CD264625B90038203C /* Controller */ = {
			isa = PBXGroup;
			children = (
				98C8F6D2264627890038203C /* MainTabController.swift */,
			);
			path = Controller;
			sourceTree = "<group>";
		};
		98C8F6CE264625B90038203C /* ViewModel */ = {
			isa = PBXGroup;
			children = (
			);
			name = ViewModel;
			path = "New Group2/ViewModel";
			sourceTree = "<group>";
		};
		98C8F6CF264625CF0038203C /* View */ = {
			isa = PBXGroup;
			children = (
			);
			path = View;
			sourceTree = "<group>";
		};
		98C8F6D0264625D20038203C /* Model */ = {
			isa = PBXGroup;
			children = (
			);
			path = Model;
			sourceTree = "<group>";
		};
/* End PBXGroup section */

/* Begin PBXNativeTarget section */
		98C8F6B1264624FB0038203C /* InstagramFirestoreTutorial */ = {
			isa = PBXNativeTarget;
			buildConfigurationList = 98C8F6C6264625000038203C /* Build configuration list for PBXNativeTarget "InstagramFirestoreTutorial" */;
			buildPhases = (
				98C8F6AE264624FB0038203C /* Sources */,
				98C8F6AF264624FB0038203C /* Frameworks */,
				98C8F6B0264624FB0038203C /* Resources */,
			);
			buildRules = (
			);
			dependencies = (
			);
			name = InstagramFirestoreTutorial;
			productName = InstagramFirestoreTutorial;
			productReference = 98C8F6B2264624FC0038203C /* InstagramFirestoreTutorial.app */;
			productType = "com.apple.product-type.application";
		};
/* End PBXNativeTarget section */

/* Begin PBXProject section */
		98C8F6AA264624FB0038203C /* Project object */ = {
			isa = PBXProject;
			attributes = {
				LastSwiftUpdateCheck = 1240;
				LastUpgradeCheck = 1240;
				TargetAttributes = {
					98C8F6B1264624FB0038203C = {
						CreatedOnToolsVersion = 12.4;
					};
				};
			};
			buildConfigurationList = 98C8F6AD264624FB0038203C /* Build configuration list for PBXProject "InstagramFirestoreTutorial" */;
			compatibilityVersion = "Xcode 9.3";
			developmentRegion = en;
			hasScannedForEncodings = 0;
			knownRegions = (
				en,
				Base,
			);
			mainGroup = 98C8F6A9264624FB0038203C;
			productRefGroup = 98C8F6B3264624FC0038203C /* Products */;
			projectDirPath = "";
			projectRoot = "";
			targets = (
				98C8F6B1264624FB0038203C /* InstagramFirestoreTutorial */,
			);
		};
/* End PBXProject section */

/* Begin PBXResourcesBuildPhase section */
		98C8F6B0264624FB0038203C /* Resources */ = {
			isa = PBXResourcesBuildPhase;
			buildActionMask = 2147483647;
			files = (
				98C8F6C2264625000038203C /* LaunchScreen.storyboard in Resources */,
				98C8F6BF264625000038203C /* Assets.xcassets in Resources */,
				98C8F6BD264624FC0038203C /* Main.storyboard in Resources */,
			);
			runOnlyForDeploymentPostprocessing = 0;
		};
/* End PBXResourcesBuildPhase section */

/* Begin PBXSourcesBuildPhase section */
		98C8F6AE264624FB0038203C /* Sources */ = {
			isa = PBXSourcesBuildPhase;
			buildActionMask = 2147483647;
			files = (
				98C8F6BA264624FC0038203C /* ViewController.swift in Sources */,
				98C8F6B6264624FC0038203C /* AppDelegate.swift in Sources */,
				98C8F6D3264627890038203C /* MainTabController.swift in Sources */,
				98C8F6B8264624FC0038203C /* SceneDelegate.swift in Sources */,
			);
			runOnlyForDeploymentPostprocessing = 0;
		};
/* End PBXSourcesBuildPhase section */

/* Begin PBXVariantGroup section */
		98C8F6BB264624FC0038203C /* Main.storyboard */ = {
			isa = PBXVariantGroup;
			children = (
				98C8F6BC264624FC0038203C /* Base */,
			);
			name = Main.storyboard;
			sourceTree = "<group>";
		};
		98C8F6C0264625000038203C /* LaunchScreen.storyboard */ = {
			isa = PBXVariantGroup;
			children = (
				98C8F6C1264625000038203C /* Base */,
			);
			name = LaunchScreen.storyboard;
			sourceTree = "<group>";
		};
/* End PBXVariantGroup section */

/* Begin XCBuildConfiguration section */
		98C8F6C4264625000038203C /* Debug */ = {
			isa = XCBuildConfiguration;
			buildSettings = {
				ALWAYS_SEARCH_USER_PATHS = NO;
				CLANG_ANALYZER_NONNULL = YES;
				CLANG_ANALYZER_NUMBER_OBJECT_CONVERSION = YES_AGGRESSIVE;
				CLANG_CXX_LANGUAGE_STANDARD = "gnu++14";
				CLANG_CXX_LIBRARY = "libc++";
				CLANG_ENABLE_MODULES = YES;
				CLANG_ENABLE_OBJC_ARC = YES;
				CLANG_ENABLE_OBJC_WEAK = YES;
				CLANG_WARN_BLOCK_CAPTURE_AUTORELEASING = YES;
				CLANG_WARN_BOOL_CONVERSION = YES;
				CLANG_WARN_COMMA = YES;
				CLANG_WARN_CONSTANT_CONVERSION = YES;
				CLANG_WARN_DEPRECATED_OBJC_IMPLEMENTATIONS = YES;
				CLANG_WARN_DIRECT_OBJC_ISA_USAGE = YES_ERROR;
				CLANG_WARN_DOCUMENTATION_COMMENTS = YES;
				CLANG_WARN_EMPTY_BODY = YES;
				CLANG_WARN_ENUM_CONVERSION = YES;
				CLANG_WARN_INFINITE_RECURSION = YES;
				CLANG_WARN_INT_CONVERSION = YES;
				CLANG_WARN_NON_LITERAL_NULL_CONVERSION = YES;
				CLANG_WARN_OBJC_IMPLICIT_RETAIN_SELF = YES;
				CLANG_WARN_OBJC_LITERAL_CONVERSION = YES;
				CLANG_WARN_OBJC_ROOT_CLASS = YES_ERROR;
				CLANG_WARN_QUOTED_INCLUDE_IN_FRAMEWORK_HEADER = YES;
				CLANG_WARN_RANGE_LOOP_ANALYSIS = YES;
				CLANG_WARN_STRICT_PROTOTYPES = YES;
				CLANG_WARN_SUSPICIOUS_MOVE = YES;
				CLANG_WARN_UNGUARDED_AVAILABILITY = YES_AGGRESSIVE;
				CLANG_WARN_UNREACHABLE_CODE = YES;
				CLANG_WARN__DUPLICATE_METHOD_MATCH = YES;
				COPY_PHASE_STRIP = NO;
				DEBUG_INFORMATION_FORMAT = dwarf;
				ENABLE_STRICT_OBJC_MSGSEND = YES;
				ENABLE_TESTABILITY = YES;
				GCC_C_LANGUAGE_STANDARD = gnu11;
				GCC_DYNAMIC_NO_PIC = NO;
				GCC_NO_COMMON_BLOCKS = YES;
				GCC_OPTIMIZATION_LEVEL = 0;
				GCC_PREPROCESSOR_DEFINITIONS = (
					"DEBUG=1",
					"$(inherited)",
				);
				GCC_WARN_64_TO_32_BIT_CONVERSION = YES;
				GCC_WARN_ABOUT_RETURN_TYPE = YES_ERROR;
				GCC_WARN_UNDECLARED_SELECTOR = YES;
				GCC_WARN_UNINITIALIZED_AUTOS = YES_AGGRESSIVE;
				GCC_WARN_UNUSED_FUNCTION = YES;
				GCC_WARN_UNUSED_VARIABLE = YES;
				IPHONEOS_DEPLOYMENT_TARGET = 14.4;
				MTL_ENABLE_DEBUG_INFO = INCLUDE_SOURCE;
				MTL_FAST_MATH = YES;
				ONLY_ACTIVE_ARCH = YES;
				SDKROOT = iphoneos;
				SWIFT_ACTIVE_COMPILATION_CONDITIONS = DEBUG;
				SWIFT_OPTIMIZATION_LEVEL = "-Onone";
			};
			name = Debug;
		};
		98C8F6C5264625000038203C /* Release */ = {
			isa = XCBuildConfiguration;
			buildSettings = {
				ALWAYS_SEARCH_USER_PATHS = NO;
				CLANG_ANALYZER_NONNULL = YES;
				CLANG_ANALYZER_NUMBER_OBJECT_CONVERSION = YES_AGGRESSIVE;
				CLANG_CXX_LANGUAGE_STANDARD = "gnu++14";
				CLANG_CXX_LIBRARY = "libc++";
				CLANG_ENABLE_MODULES = YES;
				CLANG_ENABLE_OBJC_ARC = YES;
				CLANG_ENABLE_OBJC_WEAK = YES;
				CLANG_WARN_BLOCK_CAPTURE_AUTORELEASING = YES;
				CLANG_WARN_BOOL_CONVERSION = YES;
				CLANG_WARN_COMMA = YES;
				CLANG_WARN_CONSTANT_CONVERSION = YES;
				CLANG_WARN_DEPRECATED_OBJC_IMPLEMENTATIONS = YES;
				CLANG_WARN_DIRECT_OBJC_ISA_USAGE = YES_ERROR;
				CLANG_WARN_DOCUMENTATION_COMMENTS = YES;
				CLANG_WARN_EMPTY_BODY = YES;
				CLANG_WARN_ENUM_CONVERSION = YES;
				CLANG_WARN_INFINITE_RECURSION = YES;
				CLANG_WARN_INT_CONVERSION = YES;
				CLANG_WARN_NON_LITERAL_NULL_CONVERSION = YES;
				CLANG_WARN_OBJC_IMPLICIT_RETAIN_SELF = YES;
				CLANG_WARN_OBJC_LITERAL_CONVERSION = YES;
				CLANG_WARN_OBJC_ROOT_CLASS = YES_ERROR;
				CLANG_WARN_QUOTED_INCLUDE_IN_FRAMEWORK_HEADER = YES;
				CLANG_WARN_RANGE_LOOP_ANALYSIS = YES;
				CLANG_WARN_STRICT_PROTOTYPES = YES;
				CLANG_WARN_SUSPICIOUS_MOVE = YES;
				CLANG_WARN_UNGUARDED_AVAILABILITY = YES_AGGRESSIVE;
				CLANG_WARN_UNREACHABLE_CODE = YES;
				CLANG_WARN__DUPLICATE_METHOD_MATCH = YES;
				COPY_PHASE_STRIP = NO;
				DEBUG_INFORMATION_FORMAT = "dwarf-with-dsym";
				ENABLE_NS_ASSERTIONS = NO;
				ENABLE_STRICT_OBJC_MSGSEND = YES;
				GCC_C_LANGUAGE_STANDARD = gnu11;
				GCC_NO_COMMON_BLOCKS = YES;
				GCC_WARN_64_TO_32_BIT_CONVERSION = YES;
				GCC_WARN_ABOUT_RETURN_TYPE = YES_ERROR;
				GCC_WARN_UNDECLARED_SELECTOR = YES;
				GCC_WARN_UNINITIALIZED_AUTOS = YES_AGGRESSIVE;
				GCC_WARN_UNUSED_FUNCTION = YES;
				GCC_WARN_UNUSED_VARIABLE = YES;
				IPHONEOS_DEPLOYMENT_TARGET = 14.4;
				MTL_ENABLE_DEBUG_INFO = NO;
				MTL_FAST_MATH = YES;
				SDKROOT = iphoneos;
				SWIFT_COMPILATION_MODE = wholemodule;
				SWIFT_OPTIMIZATION_LEVEL = "-O";
				VALIDATE_PRODUCT = YES;
			};
			name = Release;
		};
		98C8F6C7264625000038203C /* Debug */ = {
			isa = XCBuildConfiguration;
			buildSettings = {
				ASSETCATALOG_COMPILER_APPICON_NAME = AppIcon;
				ASSETCATALOG_COMPILER_GLOBAL_ACCENT_COLOR_NAME = AccentColor;
				CODE_SIGN_STYLE = Automatic;
				DEVELOPMENT_TEAM = XG9UCHUCSL;
				INFOPLIST_FILE = InstagramFirestoreTutorial/Info.plist;
				LD_RUNPATH_SEARCH_PATHS = (
					"$(inherited)",
					"@executable_path/Frameworks",
				);
				PRODUCT_BUNDLE_IDENTIFIER = com.aeg.qed.InstagramFirestoreTutorial;
				PRODUCT_NAME = "$(TARGET_NAME)";
				SWIFT_VERSION = 5.0;
				TARGETED_DEVICE_FAMILY = "1,2";
			};
			name = Debug;
		};
		98C8F6C8264625000038203C /* Release */ = {
			isa = XCBuildConfiguration;
			buildSettings = {
				ASSETCATALOG_COMPILER_APPICON_NAME = AppIcon;
				ASSETCATALOG_COMPILER_GLOBAL_ACCENT_COLOR_NAME = AccentColor;
				CODE_SIGN_STYLE = Automatic;
				DEVELOPMENT_TEAM = XG9UCHUCSL;
				INFOPLIST_FILE = InstagramFirestoreTutorial/Info.plist;
				LD_RUNPATH_SEARCH_PATHS = (
					"$(inherited)",
					"@executable_path/Frameworks",
				);
				PRODUCT_BUNDLE_IDENTIFIER = com.aeg.qed.InstagramFirestoreTutorial;
				PRODUCT_NAME = "$(TARGET_NAME)";
				SWIFT_VERSION = 5.0;
				TARGETED_DEVICE_FAMILY = "1,2";
			};
			name = Release;
		};
/* End XCBuildConfiguration section */

/* Begin XCConfigurationList section */
		98C8F6AD264624FB0038203C /* Build configuration list for PBXProject "InstagramFirestoreTutorial" */ = {
			isa = XCConfigurationList;
			buildConfigurations = (
				98C8F6C4264625000038203C /* Debug */,
				98C8F6C5264625000038203C /* Release */,
			);
			defaultConfigurationIsVisible = 0;
			defaultConfigurationName = Release;
		};
		98C8F6C6264625000038203C /* Build configuration list for PBXNativeTarget "InstagramFirestoreTutorial" */ = {
			isa = XCConfigurationList;
			buildConfigurations = (
				98C8F6C7264625000038203C /* Debug */,
				98C8F6C8264625000038203C /* Release */,
			);
			defaultConfigurationIsVisible = 0;
			defaultConfigurationName = Release;
		};
/* End XCConfigurationList section */
	};
	rootObject = 98C8F6AA264624FB0038203C /* Project object */;
}
